
Microsoft Visual Studio Solution File, Format Version 12.00
# Visual Studio Version 16
VisualStudioVersion = 16.0.810.22
MinimumVisualStudioVersion = 10.0.40219.1
Project("{FAE04EC0-301F-11D3-BF4B-00C04F79EFBC}") = "Super_Rusty_App05", "Super_Rusty_App05\Super_Rusty_App05.csproj", "{928012AA-63C7-492C-ABE0-1141F5D9444A}"
EndProject
Global
	GlobalSection(SolutionConfigurationPlatforms) = preSolution
		Debug|Any CPU = Debug|Any CPU
		Release|Any CPU = Release|Any CPU
	EndGlobalSection
	GlobalSection(ProjectConfigurationPlatforms) = postSolution
		{928012AA-63C7-492C-ABE0-1141F5D9444A}.Debug|Any CPU.ActiveCfg = Debug|Any CPU
		{928012AA-63C7-492C-ABE0-1141F5D9444A}.Debug|Any CPU.Build.0 = Debug|Any CPU
		{928012AA-63C7-492C-ABE0-1141F5D9444A}.Release|Any CPU.ActiveCfg = Release|Any CPU
		{928012AA-63C7-492C-ABE0-1141F5D9444A}.Release|Any CPU.Build.0 = Release|Any CPU
	EndGlobalSection
	GlobalSection(SolutionProperties) = preSolution
		HideSolutionNode = FALSE
	EndGlobalSection
	GlobalSection(ExtensibilityGlobals) = postSolution
		SolutionGuid = {8E231736-87B7-44AE-A2E8-77632AC7A0E6}
	EndGlobalSection
EndGlobal
